
Microsoft Visual Studio Solution File, Format Version 12.00
# Visual Studio 15
VisualStudioVersion = 15.0.28307.421
MinimumVisualStudioVersion = 10.0.40219.1
Project("{FAE04EC0-301F-11D3-BF4B-00C04F79EFBC}") = "NotebookApp-3", "NotebookApp-3\NotebookApp-3.csproj", "{13A88D0C-FCE3-4EFD-99CC-672D7E47451E}"
EndProject
Global
	GlobalSection(SolutionConfigurationPlatforms) = preSolution
		Debug|Any CPU = Debug|Any CPU
		Release|Any CPU = Release|Any CPU
	EndGlobalSection
	GlobalSection(ProjectConfigurationPlatforms) = postSolution
		{13A88D0C-FCE3-4EFD-99CC-672D7E47451E}.Debug|Any CPU.ActiveCfg = Debug|Any CPU
		{13A88D0C-FCE3-4EFD-99CC-672D7E47451E}.Debug|Any CPU.Build.0 = Debug|Any CPU
		{13A88D0C-FCE3-4EFD-99CC-672D7E47451E}.Release|Any CPU.ActiveCfg = Release|Any CPU
		{13A88D0C-FCE3-4EFD-99CC-672D7E47451E}.Release|Any CPU.Build.0 = Release|Any CPU
	EndGlobalSection
	GlobalSection(SolutionProperties) = preSolution
		HideSolutionNode = FALSE
	EndGlobalSection
	GlobalSection(ExtensibilityGlobals) = postSolution
		SolutionGuid = {BAE898C9-DF9D-4D87-8A0D-D45A86400A2C}
	EndGlobalSection
EndGlobal
